
Microsoft Visual Studio Solution File, Format Version 12.00
# Visual Studio 15
VisualStudioVersion = 15.0.27004.2002
MinimumVisualStudioVersion = 10.0.40219.1
Project("{9A19103F-16F7-4668-BE54-9A1E7A4F7556}") = "CMS_Web_API", "CMS_Web_API\CMS_Web_API.csproj", "{87BC1075-12EA-4592-B3CE-D2B7420A0689}"
EndProject
Project("{9A19103F-16F7-4668-BE54-9A1E7A4F7556}") = "CMS_DAL", "CMS_DAL\CMS_DAL.csproj", "{EA8188DC-FA48-4559-9822-BB040F6F9214}"
EndProject
Project("{9A19103F-16F7-4668-BE54-9A1E7A4F7556}") = "CMS_VModels", "CMS_Models\CMS_VModels.csproj", "{ACC5EF5F-2C4D-4FEE-B007-6D9EB35A793B}"
EndProject
Project("{9A19103F-16F7-4668-BE54-9A1E7A4F7556}") = "CMS_Services", "CMS_Services\CMS_Services.csproj", "{DCC06853-9750-4471-97E1-DCB4F31F2FC5}"
EndProject
Project("{FAE04EC0-301F-11D3-BF4B-00C04F79EFBC}") = "CMS_Core", "CMS_Core\CMS_Core.csproj", "{C89C3026-0AE8-40DA-9CF8-7942BD0A6D8B}"
EndProject
Global
	GlobalSection(SolutionConfigurationPlatforms) = preSolution
		Debug|Any CPU = Debug|Any CPU
		Release|Any CPU = Release|Any CPU
	EndGlobalSection
	GlobalSection(ProjectConfigurationPlatforms) = postSolution
		{87BC1075-12EA-4592-B3CE-D2B7420A0689}.Debug|Any CPU.ActiveCfg = Debug|Any CPU
		{87BC1075-12EA-4592-B3CE-D2B7420A0689}.Debug|Any CPU.Build.0 = Debug|Any CPU
		{87BC1075-12EA-4592-B3CE-D2B7420A0689}.Release|Any CPU.ActiveCfg = Release|Any CPU
		{87BC1075-12EA-4592-B3CE-D2B7420A0689}.Release|Any CPU.Build.0 = Release|Any CPU
		{EA8188DC-FA48-4559-9822-BB040F6F9214}.Debug|Any CPU.ActiveCfg = Debug|Any CPU
		{EA8188DC-FA48-4559-9822-BB040F6F9214}.Debug|Any CPU.Build.0 = Debug|Any CPU
		{EA8188DC-FA48-4559-9822-BB040F6F9214}.Release|Any CPU.ActiveCfg = Release|Any CPU
		{EA8188DC-FA48-4559-9822-BB040F6F9214}.Release|Any CPU.Build.0 = Release|Any CPU
		{ACC5EF5F-2C4D-4FEE-B007-6D9EB35A793B}.Debug|Any CPU.ActiveCfg = Debug|Any CPU
		{ACC5EF5F-2C4D-4FEE-B007-6D9EB35A793B}.Debug|Any CPU.Build.0 = Debug|Any CPU
		{ACC5EF5F-2C4D-4FEE-B007-6D9EB35A793B}.Release|Any CPU.ActiveCfg = Release|Any CPU
		{ACC5EF5F-2C4D-4FEE-B007-6D9EB35A793B}.Release|Any CPU.Build.0 = Release|Any CPU
		{DCC06853-9750-4471-97E1-DCB4F31F2FC5}.Debug|Any CPU.ActiveCfg = Debug|Any CPU
		{DCC06853-9750-4471-97E1-DCB4F31F2FC5}.Debug|Any CPU.Build.0 = Debug|Any CPU
		{DCC06853-9750-4471-97E1-DCB4F31F2FC5}.Release|Any CPU.ActiveCfg = Release|Any CPU
		{DCC06853-9750-4471-97E1-DCB4F31F2FC5}.Release|Any CPU.Build.0 = Release|Any CPU
		{C89C3026-0AE8-40DA-9CF8-7942BD0A6D8B}.Debug|Any CPU.ActiveCfg = Debug|Any CPU
		{C89C3026-0AE8-40DA-9CF8-7942BD0A6D8B}.Debug|Any CPU.Build.0 = Debug|Any CPU
		{C89C3026-0AE8-40DA-9CF8-7942BD0A6D8B}.Release|Any CPU.ActiveCfg = Release|Any CPU
		{C89C3026-0AE8-40DA-9CF8-7942BD0A6D8B}.Release|Any CPU.Build.0 = Release|Any CPU
	EndGlobalSection
	GlobalSection(SolutionProperties) = preSolution
		HideSolutionNode = FALSE
	EndGlobalSection
	GlobalSection(ExtensibilityGlobals) = postSolution
		SolutionGuid = {5FC51A76-C9F7-49D0-9BD8-4A466C6E0B7E}
	EndGlobalSection
EndGlobal
